// !$*UTF8*$!
{
	archiveVersion = 1;
	classes = {
	};
	objectVersion = 50;
	objects = {

/* Begin PBXBuildFile section */
		4BA6D1BC271F0152002141BB /* AppDelegate.swift in Sources */ = {isa = PBXBuildFile; fileRef = 4BA6D1BB271F0152002141BB /* AppDelegate.swift */; };
		4BA6D1BE271F0152002141BB /* SceneDelegate.swift in Sources */ = {isa = PBXBuildFile; fileRef = 4BA6D1BD271F0152002141BB /* SceneDelegate.swift */; };
		4BA6D1C0271F0152002141BB /* ViewController.swift in Sources */ = {isa = PBXBuildFile; fileRef = 4BA6D1BF271F0152002141BB /* ViewController.swift */; };
		4BA6D1C3271F0152002141BB /* Main.storyboard in Resources */ = {isa = PBXBuildFile; fileRef = 4BA6D1C1271F0152002141BB /* Main.storyboard */; };
		4BA6D1C5271F0152002141BB /* Assets.xcassets in Resources */ = {isa = PBXBuildFile; fileRef = 4BA6D1C4271F0152002141BB /* Assets.xcassets */; };
		4BA6D1C8271F0152002141BB /* LaunchScreen.storyboard in Resources */ = {isa = PBXBuildFile; fileRef = 4BA6D1C6271F0152002141BB /* LaunchScreen.storyboard */; };
		4BA6D1D0271F04A0002141BB /* FormViewController.swift in Sources */ = {isa = PBXBuildFile; fileRef = 4BA6D1CF271F04A0002141BB /* FormViewController.swift */; };
/* End PBXBuildFile section */

/* Begin PBXFileReference section */
		4BA6D1B8271F0152002141BB /* submitback.app */ = {isa = PBXFileReference; explicitFileType = wrapper.application; includeInIndex = 0; path = submitback.app; sourceTree = BUILT_PRODUCTS_DIR; };
		4BA6D1BB271F0152002141BB /* AppDelegate.swift */ = {isa = PBXFileReference; lastKnownFileType = sourcecode.swift; path = AppDelegate.swift; sourceTree = "<group>"; };
		4BA6D1BD271F0152002141BB /* SceneDelegate.swift */ = {isa = PBXFileReference; lastKnownFileType = sourcecode.swift; path = SceneDelegate.swift; sourceTree = "<group>"; };
		4BA6D1BF271F0152002141BB /* ViewController.swift */ = {isa = PBXFileReference; lastKnownFileType = sourcecode.swift; path = ViewController.swift; sourceTree = "<group>"; };
		4BA6D1C2271F0152002141BB /* Base */ = {isa = PBXFileReference; lastKnownFileType = file.storyboard; name = Base; path = Base.lproj/Main.storyboard; sourceTree = "<group>"; };
		4BA6D1C4271F0152002141BB /* Assets.xcassets */ = {isa = PBXFileReference; lastKnownFileType = folder.assetcatalog; path = Assets.xcassets; sourceTree = "<group>"; };
		4BA6D1C7271F0152002141BB /* Base */ = {isa = PBXFileReference; lastKnownFileType = file.storyboard; name = Base; path = Base.lproj/LaunchScreen.storyboard; sourceTree = "<group>"; };
		4BA6D1C9271F0152002141BB /* Info.plist */ = {isa = PBXFileReference; lastKnownFileType = text.plist.xml; path = Info.plist; sourceTree = "<group>"; };
		4BA6D1CF271F04A0002141BB /* FormViewController.swift */ = {isa = PBXFileReference; lastKnownFileType = sourcecode.swift; path = FormViewController.swift; sourceTree = "<group>"; };
/* End PBXFileReference section */

/* Begin PBXFrameworksBuildPhase section */
		4BA6D1B5271F0152002141BB /* Frameworks */ = {
			isa = PBXFrameworksBuildPhase;
			buildActionMask = 2147483647;
			files = (
			);
			runOnlyForDeploymentPostprocessing = 0;
		};
/* End PBXFrameworksBuildPhase section */

/* Begin PBXGroup section */
		4BA6D1AF271F0152002141BB = {
			isa = PBXGroup;
			children = (
				4BA6D1BA271F0152002141BB /* submitback */,
				4BA6D1B9271F0152002141BB /* Products */,
			);
			sourceTree = "<group>";
		};
		4BA6D1B9271F0152002141BB /* Products */ = {
			isa = PBXGroup;
			children = (
				4BA6D1B8271F0152002141BB /* submitback.app */,
			);
			name = Products;
			sourceTree = "<group>";
		};
		4BA6D1BA271F0152002141BB /* submitback */ = {
			isa = PBXGroup;
			children = (
				4BA6D1BB271F0152002141BB /* AppDelegate.swift */,
				4BA6D1BD271F0152002141BB /* SceneDelegate.swift */,
				4BA6D1BF271F0152002141BB /* ViewController.swift */,
				4BA6D1C1271F0152002141BB /* Main.storyboard */,
				4BA6D1C4271F0152002141BB /* Assets.xcassets */,
				4BA6D1C6271F0152002141BB /* LaunchScreen.storyboard */,
				4BA6D1C9271F0152002141BB /* Info.plist */,
				4BA6D1CF271F04A0002141BB /* FormViewController.swift */,
			);
			path = submitback;
			sourceTree = "<group>";
		};
/* End PBXGroup section */

/* Begin PBXNativeTarget section */
		4BA6D1B7271F0152002141BB /* submitback */ = {
			isa = PBXNativeTarget;
			buildConfigurationList = 4BA6D1CC271F0152002141BB /* Build configuration list for PBXNativeTarget "submitback" */;
			buildPhases = (
				4BA6D1B4271F0152002141BB /* Sources */,
				4BA6D1B5271F0152002141BB /* Frameworks */,
				4BA6D1B6271F0152002141BB /* Resources */,
			);
			buildRules = (
			);
			dependencies = (
			);
			name = submitback;
			productName = submitback;
			productReference = 4BA6D1B8271F0152002141BB /* submitback.app */;
			productType = "com.apple.product-type.application";
		};
/* End PBXNativeTarget section */

/* Begin PBXProject section */
		4BA6D1B0271F0152002141BB /* Project object */ = {
			isa = PBXProject;
			attributes = {
				LastSwiftUpdateCheck = 1250;
				LastUpgradeCheck = 1250;
				TargetAttributes = {
					4BA6D1B7271F0152002141BB = {
						CreatedOnToolsVersion = 12.5.1;
					};
				};
			};
			buildConfigurationList = 4BA6D1B3271F0152002141BB /* Build configuration list for PBXProject "submitback" */;
			compatibilityVersion = "Xcode 9.3";
			developmentRegion = en;
			hasScannedForEncodings = 0;
			knownRegions = (
				en,
				Base,
			);
			mainGroup = 4BA6D1AF271F0152002141BB;
			productRefGroup = 4BA6D1B9271F0152002141BB /* Products */;
			projectDirPath = "";
			projectRoot = "";
			targets = (
				4BA6D1B7271F0152002141BB /* submitback */,
			);
		};
/* End PBXProject section */

/* Begin PBXResourcesBuildPhase section */
		4BA6D1B6271F0152002141BB /* Resources */ = {
			isa = PBXResourcesBuildPhase;
			buildActionMask = 2147483647;
			files = (
				4BA6D1C8271F0152002141BB /* LaunchScreen.storyboard in Resources */,
				4BA6D1C5271F0152002141BB /* Assets.xcassets in Resources */,
				4BA6D1C3271F0152002141BB /* Main.storyboard in Resources */,
			);
			runOnlyForDeploymentPostprocessing = 0;
		};
/* End PBXResourcesBuildPhase section */

/* Begin PBXSourcesBuildPhase section */
		4BA6D1B4271F0152002141BB /* Sources */ = {
			isa = PBXSourcesBuildPhase;
			buildActionMask = 2147483647;
			files = (
				4BA6D1C0271F0152002141BB /* ViewController.swift in Sources */,
				4BA6D1BC271F0152002141BB /* AppDelegate.swift in Sources */,
				4BA6D1D0271F04A0002141BB /* FormViewController.swift in Sources */,
				4BA6D1BE271F0152002141BB /* SceneDelegate.swift in Sources */,
			);
			runOnlyForDeploymentPostprocessing = 0;
		};
/* End PBXSourcesBuildPhase section */

/* Begin PBXVariantGroup section */
		4BA6D1C1271F0152002141BB /* Main.storyboard */ = {
			isa = PBXVariantGroup;
			children = (
				4BA6D1C2271F0152002141BB /* Base */,
			);
			name = Main.storyboard;
			sourceTree = "<group>";
		};
		4BA6D1C6271F0152002141BB /* LaunchScreen.storyboard */ = {
			isa = PBXVariantGroup;
			children = (
				4BA6D1C7271F0152002141BB /* Base */,
			);
			name = LaunchScreen.storyboard;
			sourceTree = "<group>";
		};
/* End PBXVariantGroup section */

/* Begin XCBuildConfiguration section */
		4BA6D1CA271F0152002141BB /* Debug */ = {
			isa = XCBuildConfiguration;
			buildSettings = {
				ALWAYS_SEARCH_USER_PATHS = NO;
				CLANG_ANALYZER_NONNULL = YES;
				CLANG_ANALYZER_NUMBER_OBJECT_CONVERSION = YES_AGGRESSIVE;
				CLANG_CXX_LANGUAGE_STANDARD = "gnu++14";
				CLANG_CXX_LIBRARY = "libc++";
				CLANG_ENABLE_MODULES = YES;
				CLANG_ENABLE_OBJC_ARC = YES;
				CLANG_ENABLE_OBJC_WEAK = YES;
				CLANG_WARN_BLOCK_CAPTURE_AUTORELEASING = YES;
				CLANG_WARN_BOOL_CONVERSION = YES;
				CLANG_WARN_COMMA = YES;
				CLANG_WARN_CONSTANT_CONVERSION = YES;
				CLANG_WARN_DEPRECATED_OBJC_IMPLEMENTATIONS = YES;
				CLANG_WARN_DIRECT_OBJC_ISA_USAGE = YES_ERROR;
				CLANG_WARN_DOCUMENTATION_COMMENTS = YES;
				CLANG_WARN_EMPTY_BODY = YES;
				CLANG_WARN_ENUM_CONVERSION = YES;
				CLANG_WARN_INFINITE_RECURSION = YES;
				CLANG_WARN_INT_CONVERSION = YES;
				CLANG_WARN_NON_LITERAL_NULL_CONVERSION = YES;
				CLANG_WARN_OBJC_IMPLICIT_RETAIN_SELF = YES;
				CLANG_WARN_OBJC_LITERAL_CONVERSION = YES;
				CLANG_WARN_OBJC_ROOT_CLASS = YES_ERROR;
				CLANG_WARN_QUOTED_INCLUDE_IN_FRAMEWORK_HEADER = YES;
				CLANG_WARN_RANGE_LOOP_ANALYSIS = YES;
				CLANG_WARN_STRICT_PROTOTYPES = YES;
				CLANG_WARN_SUSPICIOUS_MOVE = YES;
				CLANG_WARN_UNGUARDED_AVAILABILITY = YES_AGGRESSIVE;
				CLANG_WARN_UNREACHABLE_CODE = YES;
				CLANG_WARN__DUPLICATE_METHOD_MATCH = YES;
				COPY_PHASE_STRIP = NO;
				DEBUG_INFORMATION_FORMAT = dwarf;
				ENABLE_STRICT_OBJC_MSGSEND = YES;
				ENABLE_TESTABILITY = YES;
				GCC_C_LANGUAGE_STANDARD = gnu11;
				GCC_DYNAMIC_NO_PIC = NO;
				GCC_NO_COMMON_BLOCKS = YES;
				GCC_OPTIMIZATION_LEVEL = 0;
				GCC_PREPROCESSOR_DEFINITIONS = (
					"DEBUG=1",
					"$(inherited)",
				);
				GCC_WARN_64_TO_32_BIT_CONVERSION = YES;
				GCC_WARN_ABOUT_RETURN_TYPE = YES_ERROR;
				GCC_WARN_UNDECLARED_SELECTOR = YES;
				GCC_WARN_UNINITIALIZED_AUTOS = YES_AGGRESSIVE;
				GCC_WARN_UNUSED_FUNCTION = YES;
				GCC_WARN_UNUSED_VARIABLE = YES;
				IPHONEOS_DEPLOYMENT_TARGET = 14.5;
				MTL_ENABLE_DEBUG_INFO = INCLUDE_SOURCE;
				MTL_FAST_MATH = YES;
				ONLY_ACTIVE_ARCH = YES;
				SDKROOT = iphoneos;
				SWIFT_ACTIVE_COMPILATION_CONDITIONS = DEBUG;
				SWIFT_OPTIMIZATION_LEVEL = "-Onone";
			};
			name = Debug;
		};
		4BA6D1CB271F0152002141BB /* Release */ = {
			isa = XCBuildConfiguration;
			buildSettings = {
				ALWAYS_SEARCH_USER_PATHS = NO;
				CLANG_ANALYZER_NONNULL = YES;
				CLANG_ANALYZER_NUMBER_OBJECT_CONVERSION = YES_AGGRESSIVE;
				CLANG_CXX_LANGUAGE_STANDARD = "gnu++14";
				CLANG_CXX_LIBRARY = "libc++";
				CLANG_ENABLE_MODULES = YES;
				CLANG_ENABLE_OBJC_ARC = YES;
				CLANG_ENABLE_OBJC_WEAK = YES;
				CLANG_WARN_BLOCK_CAPTURE_AUTORELEASING = YES;
				CLANG_WARN_BOOL_CONVERSION = YES;
				CLANG_WARN_COMMA = YES;
				CLANG_WARN_CONSTANT_CONVERSION = YES;
				CLANG_WARN_DEPRECATED_OBJC_IMPLEMENTATIONS = YES;
				CLANG_WARN_DIRECT_OBJC_ISA_USAGE = YES_ERROR;
				CLANG_WARN_DOCUMENTATION_COMMENTS = YES;
				CLANG_WARN_EMPTY_BODY = YES;
				CLANG_WARN_ENUM_CONVERSION = YES;
				CLANG_WARN_INFINITE_RECURSION = YES;
				CLANG_WARN_INT_CONVERSION = YES;
				CLANG_WARN_NON_LITERAL_NULL_CONVERSION = YES;
				CLANG_WARN_OBJC_IMPLICIT_RETAIN_SELF = YES;
				CLANG_WARN_OBJC_LITERAL_CONVERSION = YES;
				CLANG_WARN_OBJC_ROOT_CLASS = YES_ERROR;
				CLANG_WARN_QUOTED_INCLUDE_IN_FRAMEWORK_HEADER = YES;
				CLANG_WARN_RANGE_LOOP_ANALYSIS = YES;
				CLANG_WARN_STRICT_PROTOTYPES = YES;
				CLANG_WARN_SUSPICIOUS_MOVE = YES;
				CLANG_WARN_UNGUARDED_AVAILABILITY = YES_AGGRESSIVE;
				CLANG_WARN_UNREACHABLE_CODE = YES;
				CLANG_WARN__DUPLICATE_METHOD_MATCH = YES;
				COPY_PHASE_STRIP = NO;
				DEBUG_INFORMATION_FORMAT = "dwarf-with-dsym";
				ENABLE_NS_ASSERTIONS = NO;
				ENABLE_STRICT_OBJC_MSGSEND = YES;
				GCC_C_LANGUAGE_STANDARD = gnu11;
				GCC_NO_COMMON_BLOCKS = YES;
				GCC_WARN_64_TO_32_BIT_CONVERSION = YES;
				GCC_WARN_ABOUT_RETURN_TYPE = YES_ERROR;
				GCC_WARN_UNDECLARED_SELECTOR = YES;
				GCC_WARN_UNINITIALIZED_AUTOS = YES_AGGRESSIVE;
				GCC_WARN_UNUSED_FUNCTION = YES;
				GCC_WARN_UNUSED_VARIABLE = YES;
				IPHONEOS_DEPLOYMENT_TARGET = 14.5;
				MTL_ENABLE_DEBUG_INFO = NO;
				MTL_FAST_MATH = YES;
				SDKROOT = iphoneos;
				SWIFT_COMPILATION_MODE = wholemodule;
				SWIFT_OPTIMIZATION_LEVEL = "-O";
				VALIDATE_PRODUCT = YES;
			};
			name = Release;
		};
		4BA6D1CD271F0152002141BB /* Debug */ = {
			isa = XCBuildConfiguration;
			buildSettings = {
				ASSETCATALOG_COMPILER_APPICON_NAME = AppIcon;
				ASSETCATALOG_COMPILER_GLOBAL_ACCENT_COLOR_NAME = AccentColor;
				CODE_SIGN_STYLE = Automatic;
				INFOPLIST_FILE = submitback/Info.plist;
				LD_RUNPATH_SEARCH_PATHS = (
					"$(inherited)",
					"@executable_path/Frameworks",
				);
				PRODUCT_BUNDLE_IDENTIFIER = AMLab.submitback;
				PRODUCT_NAME = "$(TARGET_NAME)";
				SWIFT_VERSION = 5.0;
				TARGETED_DEVICE_FAMILY = "1,2";
			};
			name = Debug;
		};
		4BA6D1CE271F0152002141BB /* Release */ = {
			isa = XCBuildConfiguration;
			buildSettings = {
				ASSETCATALOG_COMPILER_APPICON_NAME = AppIcon;
				ASSETCATALOG_COMPILER_GLOBAL_ACCENT_COLOR_NAME = AccentColor;
				CODE_SIGN_STYLE = Automatic;
				INFOPLIST_FILE = submitback/Info.plist;
				LD_RUNPATH_SEARCH_PATHS = (
					"$(inherited)",
					"@executable_path/Frameworks",
				);
				PRODUCT_BUNDLE_IDENTIFIER = AMLab.submitback;
				PRODUCT_NAME = "$(TARGET_NAME)";
				SWIFT_VERSION = 5.0;
				TARGETED_DEVICE_FAMILY = "1,2";
			};
			name = Release;
		};
/* End XCBuildConfiguration section */

/* Begin XCConfigurationList section */
		4BA6D1B3271F0152002141BB /* Build configuration list for PBXProject "submitback" */ = {
			isa = XCConfigurationList;
			buildConfigurations = (
				4BA6D1CA271F0152002141BB /* Debug */,
				4BA6D1CB271F0152002141BB /* Release */,
			);
			defaultConfigurationIsVisible = 0;
			defaultConfigurationName = Release;
		};
		4BA6D1CC271F0152002141BB /* Build configuration list for PBXNativeTarget "submitback" */ = {
			isa = XCConfigurationList;
			buildConfigurations = (
				4BA6D1CD271F0152002141BB /* Debug */,
				4BA6D1CE271F0152002141BB /* Release */,
			);
			defaultConfigurationIsVisible = 0;
			defaultConfigurationName = Release;
		};
/* End XCConfigurationList section */
	};
	rootObject = 4BA6D1B0271F0152002141BB /* Project object */;
}
